
Microsoft Visual Studio Solution File, Format Version 12.00
# Visual Studio Version 17
VisualStudioVersion = 17.4.33122.133
MinimumVisualStudioVersion = 10.0.40219.1
Project("{FAE04EC0-301F-11D3-BF4B-00C04F79EFBC}") = "EventsAndGenericsDemo", "EventsAndGenericsDemo\EventsAndGenericsDemo.csproj", "{68DB3DD4-8DB5-4B8B-BFB8-D2017982BB8D}"
EndProject
Global
	GlobalSection(SolutionConfigurationPlatforms) = preSolution
		Debug|Any CPU = Debug|Any CPU
		Release|Any CPU = Release|Any CPU
	EndGlobalSection
	GlobalSection(ProjectConfigurationPlatforms) = postSolution
		{68DB3DD4-8DB5-4B8B-BFB8-D2017982BB8D}.Debug|Any CPU.ActiveCfg = Debug|Any CPU
		{68DB3DD4-8DB5-4B8B-BFB8-D2017982BB8D}.Debug|Any CPU.Build.0 = Debug|Any CPU
		{68DB3DD4-8DB5-4B8B-BFB8-D2017982BB8D}.Release|Any CPU.ActiveCfg = Release|Any CPU
		{68DB3DD4-8DB5-4B8B-BFB8-D2017982BB8D}.Release|Any CPU.Build.0 = Release|Any CPU
	EndGlobalSection
	GlobalSection(SolutionProperties) = preSolution
		HideSolutionNode = FALSE
	EndGlobalSection
	GlobalSection(ExtensibilityGlobals) = postSolution
		SolutionGuid = {E47FF1AB-8040-4313-AF50-C21C8ED05546}
	EndGlobalSection
EndGlobal
